
Microsoft Visual Studio Solution File, Format Version 12.00
# Visual Studio Version 17
VisualStudioVersion = 17.4.33213.308
MinimumVisualStudioVersion = 10.0.40219.1
Project("{9A19103F-16F7-4668-BE54-9A1E7A4F7556}") = "ParquetViewer.Engine", "ParquetViewer.Engine\ParquetViewer.Engine.csproj", "{77900356-25F3-4A24-B638-845C784C1175}"
EndProject
Project("{FAE04EC0-301F-11D3-BF4B-00C04F79EFBC}") = "ParquetDuplicateFinder", "ParquetDuplicateFinder\ParquetDuplicateFinder.csproj", "{C1577A40-38B5-406C-B238-9FDABED1159E}"
EndProject
Project("{FAE04EC0-301F-11D3-BF4B-00C04F79EFBC}") = "CSVProcessor", "CSVProcessor\CSVProcessor.csproj", "{96BFF276-D76E-472A-9027-E36CB5D9C14D}"
EndProject
Global
	GlobalSection(SolutionConfigurationPlatforms) = preSolution
		Debug|Any CPU = Debug|Any CPU
		Release_SelfContained|Any CPU = Release_SelfContained|Any CPU
		Release|Any CPU = Release|Any CPU
	EndGlobalSection
	GlobalSection(ProjectConfigurationPlatforms) = postSolution
		{77900356-25F3-4A24-B638-845C784C1175}.Debug|Any CPU.ActiveCfg = Debug|Any CPU
		{77900356-25F3-4A24-B638-845C784C1175}.Debug|Any CPU.Build.0 = Debug|Any CPU
		{77900356-25F3-4A24-B638-845C784C1175}.Release_SelfContained|Any CPU.ActiveCfg = Release_SelfContained|Any CPU
		{77900356-25F3-4A24-B638-845C784C1175}.Release_SelfContained|Any CPU.Build.0 = Release_SelfContained|Any CPU
		{77900356-25F3-4A24-B638-845C784C1175}.Release|Any CPU.ActiveCfg = Release|Any CPU
		{77900356-25F3-4A24-B638-845C784C1175}.Release|Any CPU.Build.0 = Release|Any CPU
		{C1577A40-38B5-406C-B238-9FDABED1159E}.Debug|Any CPU.ActiveCfg = Debug|Any CPU
		{C1577A40-38B5-406C-B238-9FDABED1159E}.Debug|Any CPU.Build.0 = Debug|Any CPU
		{C1577A40-38B5-406C-B238-9FDABED1159E}.Release_SelfContained|Any CPU.ActiveCfg = Release|Any CPU
		{C1577A40-38B5-406C-B238-9FDABED1159E}.Release_SelfContained|Any CPU.Build.0 = Release|Any CPU
		{C1577A40-38B5-406C-B238-9FDABED1159E}.Release|Any CPU.ActiveCfg = Release|Any CPU
		{C1577A40-38B5-406C-B238-9FDABED1159E}.Release|Any CPU.Build.0 = Release|Any CPU
		{96BFF276-D76E-472A-9027-E36CB5D9C14D}.Debug|Any CPU.ActiveCfg = Debug|Any CPU
		{96BFF276-D76E-472A-9027-E36CB5D9C14D}.Debug|Any CPU.Build.0 = Debug|Any CPU
		{96BFF276-D76E-472A-9027-E36CB5D9C14D}.Release_SelfContained|Any CPU.ActiveCfg = Release|Any CPU
		{96BFF276-D76E-472A-9027-E36CB5D9C14D}.Release_SelfContained|Any CPU.Build.0 = Release|Any CPU
		{96BFF276-D76E-472A-9027-E36CB5D9C14D}.Release|Any CPU.ActiveCfg = Release|Any CPU
		{96BFF276-D76E-472A-9027-E36CB5D9C14D}.Release|Any CPU.Build.0 = Release|Any CPU
	EndGlobalSection
	GlobalSection(SolutionProperties) = preSolution
		HideSolutionNode = FALSE
	EndGlobalSection
	GlobalSection(ExtensibilityGlobals) = postSolution
		SolutionGuid = {24015CE0-473F-4A3B-89BE-E0CEEEA261B6}
	EndGlobalSection
EndGlobal
